
Microsoft Visual Studio Solution File, Format Version 12.00
# Visual Studio Version 17
VisualStudioVersion = 17.1.32319.34
MinimumVisualStudioVersion = 10.0.40219.1
Project("{9A19103F-16F7-4668-BE54-9A1E7A4F7556}") = "Logika", "Logika\Logika.csproj", "{A44BE52A-3CB7-490A-AE00-66C8A0B549D3}"
EndProject
Project("{9A19103F-16F7-4668-BE54-9A1E7A4F7556}") = "Dane", "Dane\Dane.csproj", "{48B8ACC0-F749-4705-8969-2C10C6541F56}"
EndProject
Project("{2150E333-8FDC-42A3-9474-1A3956D46DE8}") = "Solution Items", "Solution Items", "{D5CEBAD6-8FE4-4A29-A72D-72855A50C403}"
	ProjectSection(SolutionItems) = preProject
		.editorconfig = .editorconfig
	EndProjectSection
EndProject
Project("{9A19103F-16F7-4668-BE54-9A1E7A4F7556}") = "View", "GUI\View.csproj", "{F4831212-C577-4EC6-BDBF-BAE7AE497222}"
EndProject
Project("{2150E333-8FDC-42A3-9474-1A3956D46DE8}") = "UnitTests", "UnitTests", "{1C146A53-D494-4269-9353-DBA27E6403AB}"
EndProject
Project("{9A19103F-16F7-4668-BE54-9A1E7A4F7556}") = "PrezentacjaTest", "PrezentacjaTest\PrezentacjaTest.csproj", "{6E51D8C5-FD10-4129-A0AA-4AA8D14F0BFC}"
EndProject
Project("{9A19103F-16F7-4668-BE54-9A1E7A4F7556}") = "LogikaTest", "LogikaTest\LogikaTest.csproj", "{49502E5E-E955-4E44-AF13-151E7A810452}"
EndProject
Project("{9A19103F-16F7-4668-BE54-9A1E7A4F7556}") = "DaneTest", "DaneTest\DaneTest.csproj", "{5776F981-9DEB-40DF-B993-1E2B7963CFC2}"
EndProject
Project("{2150E333-8FDC-42A3-9474-1A3956D46DE8}") = "Program", "Program", "{52E91940-153B-4483-8A5C-729789CD7C21}"
EndProject
Project("{2150E333-8FDC-42A3-9474-1A3956D46DE8}") = "Dane", "Dane", "{5E3B89A2-345E-4B6B-A78A-0B4616DD354E}"
EndProject
Project("{2150E333-8FDC-42A3-9474-1A3956D46DE8}") = "Logika", "Logika", "{86E10573-4232-41A6-BCC7-E85EB391F5F5}"
EndProject
Project("{2150E333-8FDC-42A3-9474-1A3956D46DE8}") = "Prezentacja (MVVM)", "Prezentacja (MVVM)", "{57F3A2DC-DB41-42EA-99DD-C183FBF1DC50}"
EndProject
Project("{2150E333-8FDC-42A3-9474-1A3956D46DE8}") = "Model", "Model", "{DCB608C0-2A1A-4F79-A7D7-B77C3BC0B64E}"
EndProject
Project("{2150E333-8FDC-42A3-9474-1A3956D46DE8}") = "View", "View", "{6866402D-1EAA-44AC-A85A-972992899F78}"
EndProject
Project("{2150E333-8FDC-42A3-9474-1A3956D46DE8}") = "ViewModel", "ViewModel", "{8C8C3EE3-3641-4EC1-B14F-B03618E02C7A}"
EndProject
Project("{FAE04EC0-301F-11D3-BF4B-00C04F79EFBC}") = "Model", "Model\Model.csproj", "{83150687-9071-4A63-90BA-F6DC052978D0}"
EndProject
Project("{FAE04EC0-301F-11D3-BF4B-00C04F79EFBC}") = "ViewModel", "ViewModel\ViewModel.csproj", "{B8D6DA84-083F-42C8-A8CE-C52B1EB78096}"
EndProject
Global
	GlobalSection(SolutionConfigurationPlatforms) = preSolution
		Debug|Any CPU = Debug|Any CPU
		Release|Any CPU = Release|Any CPU
	EndGlobalSection
	GlobalSection(ProjectConfigurationPlatforms) = postSolution
		{A44BE52A-3CB7-490A-AE00-66C8A0B549D3}.Debug|Any CPU.ActiveCfg = Debug|Any CPU
		{A44BE52A-3CB7-490A-AE00-66C8A0B549D3}.Debug|Any CPU.Build.0 = Debug|Any CPU
		{A44BE52A-3CB7-490A-AE00-66C8A0B549D3}.Release|Any CPU.ActiveCfg = Release|Any CPU
		{A44BE52A-3CB7-490A-AE00-66C8A0B549D3}.Release|Any CPU.Build.0 = Release|Any CPU
		{48B8ACC0-F749-4705-8969-2C10C6541F56}.Debug|Any CPU.ActiveCfg = Debug|Any CPU
		{48B8ACC0-F749-4705-8969-2C10C6541F56}.Debug|Any CPU.Build.0 = Debug|Any CPU
		{48B8ACC0-F749-4705-8969-2C10C6541F56}.Release|Any CPU.ActiveCfg = Release|Any CPU
		{48B8ACC0-F749-4705-8969-2C10C6541F56}.Release|Any CPU.Build.0 = Release|Any CPU
		{F4831212-C577-4EC6-BDBF-BAE7AE497222}.Debug|Any CPU.ActiveCfg = Debug|Any CPU
		{F4831212-C577-4EC6-BDBF-BAE7AE497222}.Debug|Any CPU.Build.0 = Debug|Any CPU
		{F4831212-C577-4EC6-BDBF-BAE7AE497222}.Release|Any CPU.ActiveCfg = Release|Any CPU
		{F4831212-C577-4EC6-BDBF-BAE7AE497222}.Release|Any CPU.Build.0 = Release|Any CPU
		{6E51D8C5-FD10-4129-A0AA-4AA8D14F0BFC}.Debug|Any CPU.ActiveCfg = Debug|Any CPU
		{6E51D8C5-FD10-4129-A0AA-4AA8D14F0BFC}.Debug|Any CPU.Build.0 = Debug|Any CPU
		{6E51D8C5-FD10-4129-A0AA-4AA8D14F0BFC}.Release|Any CPU.ActiveCfg = Release|Any CPU
		{6E51D8C5-FD10-4129-A0AA-4AA8D14F0BFC}.Release|Any CPU.Build.0 = Release|Any CPU
		{49502E5E-E955-4E44-AF13-151E7A810452}.Debug|Any CPU.ActiveCfg = Debug|Any CPU
		{49502E5E-E955-4E44-AF13-151E7A810452}.Debug|Any CPU.Build.0 = Debug|Any CPU
		{49502E5E-E955-4E44-AF13-151E7A810452}.Release|Any CPU.ActiveCfg = Release|Any CPU
		{49502E5E-E955-4E44-AF13-151E7A810452}.Release|Any CPU.Build.0 = Release|Any CPU
		{5776F981-9DEB-40DF-B993-1E2B7963CFC2}.Debug|Any CPU.ActiveCfg = Debug|Any CPU
		{5776F981-9DEB-40DF-B993-1E2B7963CFC2}.Debug|Any CPU.Build.0 = Debug|Any CPU
		{5776F981-9DEB-40DF-B993-1E2B7963CFC2}.Release|Any CPU.ActiveCfg = Release|Any CPU
		{5776F981-9DEB-40DF-B993-1E2B7963CFC2}.Release|Any CPU.Build.0 = Release|Any CPU
		{83150687-9071-4A63-90BA-F6DC052978D0}.Debug|Any CPU.ActiveCfg = Debug|Any CPU
		{83150687-9071-4A63-90BA-F6DC052978D0}.Debug|Any CPU.Build.0 = Debug|Any CPU
		{83150687-9071-4A63-90BA-F6DC052978D0}.Release|Any CPU.ActiveCfg = Release|Any CPU
		{83150687-9071-4A63-90BA-F6DC052978D0}.Release|Any CPU.Build.0 = Release|Any CPU
		{B8D6DA84-083F-42C8-A8CE-C52B1EB78096}.Debug|Any CPU.ActiveCfg = Debug|Any CPU
		{B8D6DA84-083F-42C8-A8CE-C52B1EB78096}.Debug|Any CPU.Build.0 = Debug|Any CPU
		{B8D6DA84-083F-42C8-A8CE-C52B1EB78096}.Release|Any CPU.ActiveCfg = Release|Any CPU
		{B8D6DA84-083F-42C8-A8CE-C52B1EB78096}.Release|Any CPU.Build.0 = Release|Any CPU
	EndGlobalSection
	GlobalSection(SolutionProperties) = preSolution
		HideSolutionNode = FALSE
	EndGlobalSection
	GlobalSection(NestedProjects) = preSolution
		{A44BE52A-3CB7-490A-AE00-66C8A0B549D3} = {86E10573-4232-41A6-BCC7-E85EB391F5F5}
		{48B8ACC0-F749-4705-8969-2C10C6541F56} = {5E3B89A2-345E-4B6B-A78A-0B4616DD354E}
		{F4831212-C577-4EC6-BDBF-BAE7AE497222} = {6866402D-1EAA-44AC-A85A-972992899F78}
		{6E51D8C5-FD10-4129-A0AA-4AA8D14F0BFC} = {1C146A53-D494-4269-9353-DBA27E6403AB}
		{49502E5E-E955-4E44-AF13-151E7A810452} = {1C146A53-D494-4269-9353-DBA27E6403AB}
		{5776F981-9DEB-40DF-B993-1E2B7963CFC2} = {1C146A53-D494-4269-9353-DBA27E6403AB}
		{5E3B89A2-345E-4B6B-A78A-0B4616DD354E} = {52E91940-153B-4483-8A5C-729789CD7C21}
		{86E10573-4232-41A6-BCC7-E85EB391F5F5} = {52E91940-153B-4483-8A5C-729789CD7C21}
		{57F3A2DC-DB41-42EA-99DD-C183FBF1DC50} = {52E91940-153B-4483-8A5C-729789CD7C21}
		{DCB608C0-2A1A-4F79-A7D7-B77C3BC0B64E} = {57F3A2DC-DB41-42EA-99DD-C183FBF1DC50}
		{6866402D-1EAA-44AC-A85A-972992899F78} = {57F3A2DC-DB41-42EA-99DD-C183FBF1DC50}
		{8C8C3EE3-3641-4EC1-B14F-B03618E02C7A} = {57F3A2DC-DB41-42EA-99DD-C183FBF1DC50}
		{83150687-9071-4A63-90BA-F6DC052978D0} = {DCB608C0-2A1A-4F79-A7D7-B77C3BC0B64E}
		{B8D6DA84-083F-42C8-A8CE-C52B1EB78096} = {8C8C3EE3-3641-4EC1-B14F-B03618E02C7A}
	EndGlobalSection
	GlobalSection(ExtensibilityGlobals) = postSolution
		SolutionGuid = {3965E119-3A50-4BEA-AC2E-8F6122A90730}
	EndGlobalSection
EndGlobal
